// !$*UTF8*$!
{
	archiveVersion = 1;
	classes = {
	};
	objectVersion = 51;
	objects = {

/* Begin PBXBuildFile section */
		921393BA25BE171100C37790 /* AppDelegate.swift in Sources */ = {isa = PBXBuildFile; fileRef = 921393B925BE171100C37790 /* AppDelegate.swift */; };
		921393BC25BE171100C37790 /* SceneDelegate.swift in Sources */ = {isa = PBXBuildFile; fileRef = 921393BB25BE171100C37790 /* SceneDelegate.swift */; };
		921393BE25BE171100C37790 /* ViewController.swift in Sources */ = {isa = PBXBuildFile; fileRef = 921393BD25BE171100C37790 /* ViewController.swift */; };
		921393C125BE171100C37790 /* Main.storyboard in Resources */ = {isa = PBXBuildFile; fileRef = 921393BF25BE171100C37790 /* Main.storyboard */; };
		921393C325BE171600C37790 /* Assets.xcassets in Resources */ = {isa = PBXBuildFile; fileRef = 921393C225BE171600C37790 /* Assets.xcassets */; };
		921393C625BE171600C37790 /* LaunchScreen.storyboard in Resources */ = {isa = PBXBuildFile; fileRef = 921393C425BE171600C37790 /* LaunchScreen.storyboard */; };
		921393E425BE218900C37790 /* GoogleService-Info.plist in Resources */ = {isa = PBXBuildFile; fileRef = 921393E325BE218900C37790 /* GoogleService-Info.plist */; };
		921393E725BE222100C37790 /* AddParkingViewController.swift in Sources */ = {isa = PBXBuildFile; fileRef = 921393E625BE222100C37790 /* AddParkingViewController.swift */; };
		921393EB25BE468C00C37790 /* ParkingListViewController.swift in Sources */ = {isa = PBXBuildFile; fileRef = 921393EA25BE468C00C37790 /* ParkingListViewController.swift */; };
		921393EE25BE504A00C37790 /* arryObject.swift in Sources */ = {isa = PBXBuildFile; fileRef = 921393ED25BE504A00C37790 /* arryObject.swift */; };
		EA96C6DD5A2CC9C6EF409164 /* Pods_CarParking.framework in Frameworks */ = {isa = PBXBuildFile; fileRef = D0942DC1BDC5200ED83B8F2F /* Pods_CarParking.framework */; };
/* End PBXBuildFile section */

/* Begin PBXFileReference section */
		5A5A76DBA576A1F2B4040B2B /* Pods-CarParking.release.xcconfig */ = {isa = PBXFileReference; includeInIndex = 1; lastKnownFileType = text.xcconfig; name = "Pods-CarParking.release.xcconfig"; path = "Target Support Files/Pods-CarParking/Pods-CarParking.release.xcconfig"; sourceTree = "<group>"; };
		6C648AFA0FBE2461E5F3FE7A /* Pods-CarParking.debug.xcconfig */ = {isa = PBXFileReference; includeInIndex = 1; lastKnownFileType = text.xcconfig; name = "Pods-CarParking.debug.xcconfig"; path = "Target Support Files/Pods-CarParking/Pods-CarParking.debug.xcconfig"; sourceTree = "<group>"; };
		921393B625BE171100C37790 /* CarParking.app */ = {isa = PBXFileReference; explicitFileType = wrapper.application; includeInIndex = 0; path = CarParking.app; sourceTree = BUILT_PRODUCTS_DIR; };
		921393B925BE171100C37790 /* AppDelegate.swift */ = {isa = PBXFileReference; lastKnownFileType = sourcecode.swift; path = AppDelegate.swift; sourceTree = "<group>"; };
		921393BB25BE171100C37790 /* SceneDelegate.swift */ = {isa = PBXFileReference; lastKnownFileType = sourcecode.swift; path = SceneDelegate.swift; sourceTree = "<group>"; };
		921393BD25BE171100C37790 /* ViewController.swift */ = {isa = PBXFileReference; lastKnownFileType = sourcecode.swift; path = ViewController.swift; sourceTree = "<group>"; };
		921393C025BE171100C37790 /* Base */ = {isa = PBXFileReference; lastKnownFileType = file.storyboard; name = Base; path = Base.lproj/Main.storyboard; sourceTree = "<group>"; };
		921393C225BE171600C37790 /* Assets.xcassets */ = {isa = PBXFileReference; lastKnownFileType = folder.assetcatalog; path = Assets.xcassets; sourceTree = "<group>"; };
		921393C525BE171600C37790 /* Base */ = {isa = PBXFileReference; lastKnownFileType = file.storyboard; name = Base; path = Base.lproj/LaunchScreen.storyboard; sourceTree = "<group>"; };
		921393C725BE171600C37790 /* Info.plist */ = {isa = PBXFileReference; lastKnownFileType = text.plist.xml; path = Info.plist; sourceTree = "<group>"; };
		921393E325BE218900C37790 /* GoogleService-Info.plist */ = {isa = PBXFileReference; fileEncoding = 4; lastKnownFileType = text.plist.xml; name = "GoogleService-Info.plist"; path = "../../../../Downloads/GoogleService-Info.plist"; sourceTree = "<group>"; };
		921393E625BE222100C37790 /* AddParkingViewController.swift */ = {isa = PBXFileReference; lastKnownFileType = sourcecode.swift; path = AddParkingViewController.swift; sourceTree = "<group>"; };
		921393EA25BE468C00C37790 /* ParkingListViewController.swift */ = {isa = PBXFileReference; lastKnownFileType = sourcecode.swift; path = ParkingListViewController.swift; sourceTree = "<group>"; };
		921393ED25BE504A00C37790 /* arryObject.swift */ = {isa = PBXFileReference; lastKnownFileType = sourcecode.swift; path = arryObject.swift; sourceTree = "<group>"; };
		D0942DC1BDC5200ED83B8F2F /* Pods_CarParking.framework */ = {isa = PBXFileReference; explicitFileType = wrapper.framework; includeInIndex = 0; path = Pods_CarParking.framework; sourceTree = BUILT_PRODUCTS_DIR; };
/* End PBXFileReference section */

/* Begin PBXFrameworksBuildPhase section */
		921393B325BE171100C37790 /* Frameworks */ = {
			isa = PBXFrameworksBuildPhase;
			buildActionMask = 2147483647;
			files = (
				EA96C6DD5A2CC9C6EF409164 /* Pods_CarParking.framework in Frameworks */,
			);
			runOnlyForDeploymentPostprocessing = 0;
		};
/* End PBXFrameworksBuildPhase section */

/* Begin PBXGroup section */
		4A1C4F8DDFBB334801254D1D /* Pods */ = {
			isa = PBXGroup;
			children = (
				6C648AFA0FBE2461E5F3FE7A /* Pods-CarParking.debug.xcconfig */,
				5A5A76DBA576A1F2B4040B2B /* Pods-CarParking.release.xcconfig */,
			);
			path = Pods;
			sourceTree = "<group>";
		};
		87255DBCCBF5071C49FF3BF2 /* Frameworks */ = {
			isa = PBXGroup;
			children = (
				D0942DC1BDC5200ED83B8F2F /* Pods_CarParking.framework */,
			);
			name = Frameworks;
			sourceTree = "<group>";
		};
		921393AD25BE171100C37790 = {
			isa = PBXGroup;
			children = (
				921393B825BE171100C37790 /* CarParking */,
				921393B725BE171100C37790 /* Products */,
				4A1C4F8DDFBB334801254D1D /* Pods */,
				87255DBCCBF5071C49FF3BF2 /* Frameworks */,
			);
			sourceTree = "<group>";
		};
		921393B725BE171100C37790 /* Products */ = {
			isa = PBXGroup;
			children = (
				921393B625BE171100C37790 /* CarParking.app */,
			);
			name = Products;
			sourceTree = "<group>";
		};
		921393B825BE171100C37790 /* CarParking */ = {
			isa = PBXGroup;
			children = (
				921393E325BE218900C37790 /* GoogleService-Info.plist */,
				921393B925BE171100C37790 /* AppDelegate.swift */,
				921393BB25BE171100C37790 /* SceneDelegate.swift */,
				921393BD25BE171100C37790 /* ViewController.swift */,
				921393BF25BE171100C37790 /* Main.storyboard */,
				921393E625BE222100C37790 /* AddParkingViewController.swift */,
				921393EA25BE468C00C37790 /* ParkingListViewController.swift */,
				921393ED25BE504A00C37790 /* arryObject.swift */,
				921393C225BE171600C37790 /* Assets.xcassets */,
				921393C425BE171600C37790 /* LaunchScreen.storyboard */,
				921393C725BE171600C37790 /* Info.plist */,
			);
			path = CarParking;
			sourceTree = "<group>";
		};
/* End PBXGroup section */

/* Begin PBXNativeTarget section */
		921393B525BE171100C37790 /* CarParking */ = {
			isa = PBXNativeTarget;
			buildConfigurationList = 921393CA25BE171600C37790 /* Build configuration list for PBXNativeTarget "CarParking" */;
			buildPhases = (
				E12EB3F48A030C4DABAE6CBB /* [CP] Check Pods Manifest.lock */,
				921393B225BE171100C37790 /* Sources */,
				921393B325BE171100C37790 /* Frameworks */,
				921393B425BE171100C37790 /* Resources */,
				ED51F4B214BB5D770591E0DA /* [CP] Embed Pods Frameworks */,
			);
			buildRules = (
			);
			dependencies = (
			);
			name = CarParking;
			productName = CarParking;
			productReference = 921393B625BE171100C37790 /* CarParking.app */;
			productType = "com.apple.product-type.application";
		};
/* End PBXNativeTarget section */

/* Begin PBXProject section */
		921393AE25BE171100C37790 /* Project object */ = {
			isa = PBXProject;
			attributes = {
				LastSwiftUpdateCheck = 1230;
				LastUpgradeCheck = 1230;
				TargetAttributes = {
					921393B525BE171100C37790 = {
						CreatedOnToolsVersion = 12.3;
					};
				};
			};
			buildConfigurationList = 921393B125BE171100C37790 /* Build configuration list for PBXProject "CarParking" */;
			compatibilityVersion = "Xcode 9.3";
			developmentRegion = en;
			hasScannedForEncodings = 0;
			knownRegions = (
				en,
				Base,
			);
			mainGroup = 921393AD25BE171100C37790;
			productRefGroup = 921393B725BE171100C37790 /* Products */;
			projectDirPath = "";
			projectRoot = "";
			targets = (
				921393B525BE171100C37790 /* CarParking */,
			);
		};
/* End PBXProject section */

/* Begin PBXResourcesBuildPhase section */
		921393B425BE171100C37790 /* Resources */ = {
			isa = PBXResourcesBuildPhase;
			buildActionMask = 2147483647;
			files = (
				921393C625BE171600C37790 /* LaunchScreen.storyboard in Resources */,
				921393E425BE218900C37790 /* GoogleService-Info.plist in Resources */,
				921393C325BE171600C37790 /* Assets.xcassets in Resources */,
				921393C125BE171100C37790 /* Main.storyboard in Resources */,
			);
			runOnlyForDeploymentPostprocessing = 0;
		};
/* End PBXResourcesBuildPhase section */

/* Begin PBXShellScriptBuildPhase section */
		E12EB3F48A030C4DABAE6CBB /* [CP] Check Pods Manifest.lock */ = {
			isa = PBXShellScriptBuildPhase;
			buildActionMask = 2147483647;
			files = (
			);
			inputFileListPaths = (
			);
			inputPaths = (
				"${PODS_PODFILE_DIR_PATH}/Podfile.lock",
				"${PODS_ROOT}/Manifest.lock",
			);
			name = "[CP] Check Pods Manifest.lock";
			outputFileListPaths = (
			);
			outputPaths = (
				"$(DERIVED_FILE_DIR)/Pods-CarParking-checkManifestLockResult.txt",
			);
			runOnlyForDeploymentPostprocessing = 0;
			shellPath = /bin/sh;
			shellScript = "diff \"${PODS_PODFILE_DIR_PATH}/Podfile.lock\" \"${PODS_ROOT}/Manifest.lock\" > /dev/null\nif [ $? != 0 ] ; then\n    # print error to STDERR\n    echo \"error: The sandbox is not in sync with the Podfile.lock. Run 'pod install' or update your CocoaPods installation.\" >&2\n    exit 1\nfi\n# This output is used by Xcode 'outputs' to avoid re-running this script phase.\necho \"SUCCESS\" > \"${SCRIPT_OUTPUT_FILE_0}\"\n";
			showEnvVarsInLog = 0;
		};
		ED51F4B214BB5D770591E0DA /* [CP] Embed Pods Frameworks */ = {
			isa = PBXShellScriptBuildPhase;
			buildActionMask = 2147483647;
			files = (
			);
			inputFileListPaths = (
				"${PODS_ROOT}/Target Support Files/Pods-CarParking/Pods-CarParking-frameworks-${CONFIGURATION}-input-files.xcfilelist",
			);
			name = "[CP] Embed Pods Frameworks";
			outputFileListPaths = (
				"${PODS_ROOT}/Target Support Files/Pods-CarParking/Pods-CarParking-frameworks-${CONFIGURATION}-output-files.xcfilelist",
			);
			runOnlyForDeploymentPostprocessing = 0;
			shellPath = /bin/sh;
			shellScript = "\"${PODS_ROOT}/Target Support Files/Pods-CarParking/Pods-CarParking-frameworks.sh\"\n";
			showEnvVarsInLog = 0;
		};
/* End PBXShellScriptBuildPhase section */

/* Begin PBXSourcesBuildPhase section */
		921393B225BE171100C37790 /* Sources */ = {
			isa = PBXSourcesBuildPhase;
			buildActionMask = 2147483647;
			files = (
				921393EB25BE468C00C37790 /* ParkingListViewController.swift in Sources */,
				921393BE25BE171100C37790 /* ViewController.swift in Sources */,
				921393E725BE222100C37790 /* AddParkingViewController.swift in Sources */,
				921393BA25BE171100C37790 /* AppDelegate.swift in Sources */,
				921393EE25BE504A00C37790 /* arryObject.swift in Sources */,
				921393BC25BE171100C37790 /* SceneDelegate.swift in Sources */,
			);
			runOnlyForDeploymentPostprocessing = 0;
		};
/* End PBXSourcesBuildPhase section */

/* Begin PBXVariantGroup section */
		921393BF25BE171100C37790 /* Main.storyboard */ = {
			isa = PBXVariantGroup;
			children = (
				921393C025BE171100C37790 /* Base */,
			);
			name = Main.storyboard;
			sourceTree = "<group>";
		};
		921393C425BE171600C37790 /* LaunchScreen.storyboard */ = {
			isa = PBXVariantGroup;
			children = (
				921393C525BE171600C37790 /* Base */,
			);
			name = LaunchScreen.storyboard;
			sourceTree = "<group>";
		};
/* End PBXVariantGroup section */

/* Begin XCBuildConfiguration section */
		921393C825BE171600C37790 /* Debug */ = {
			isa = XCBuildConfiguration;
			buildSettings = {
				ALWAYS_SEARCH_USER_PATHS = NO;
				CLANG_ANALYZER_NONNULL = YES;
				CLANG_ANALYZER_NUMBER_OBJECT_CONVERSION = YES_AGGRESSIVE;
				CLANG_CXX_LANGUAGE_STANDARD = "gnu++14";
				CLANG_CXX_LIBRARY = "libc++";
				CLANG_ENABLE_MODULES = YES;
				CLANG_ENABLE_OBJC_ARC = YES;
				CLANG_ENABLE_OBJC_WEAK = YES;
				CLANG_WARN_BLOCK_CAPTURE_AUTORELEASING = YES;
				CLANG_WARN_BOOL_CONVERSION = YES;
				CLANG_WARN_COMMA = YES;
				CLANG_WARN_CONSTANT_CONVERSION = YES;
				CLANG_WARN_DEPRECATED_OBJC_IMPLEMENTATIONS = YES;
				CLANG_WARN_DIRECT_OBJC_ISA_USAGE = YES_ERROR;
				CLANG_WARN_DOCUMENTATION_COMMENTS = YES;
				CLANG_WARN_EMPTY_BODY = YES;
				CLANG_WARN_ENUM_CONVERSION = YES;
				CLANG_WARN_INFINITE_RECURSION = YES;
				CLANG_WARN_INT_CONVERSION = YES;
				CLANG_WARN_NON_LITERAL_NULL_CONVERSION = YES;
				CLANG_WARN_OBJC_IMPLICIT_RETAIN_SELF = YES;
				CLANG_WARN_OBJC_LITERAL_CONVERSION = YES;
				CLANG_WARN_OBJC_ROOT_CLASS = YES_ERROR;
				CLANG_WARN_QUOTED_INCLUDE_IN_FRAMEWORK_HEADER = YES;
				CLANG_WARN_RANGE_LOOP_ANALYSIS = YES;
				CLANG_WARN_STRICT_PROTOTYPES = YES;
				CLANG_WARN_SUSPICIOUS_MOVE = YES;
				CLANG_WARN_UNGUARDED_AVAILABILITY = YES_AGGRESSIVE;
				CLANG_WARN_UNREACHABLE_CODE = YES;
				CLANG_WARN__DUPLICATE_METHOD_MATCH = YES;
				COPY_PHASE_STRIP = NO;
				DEBUG_INFORMATION_FORMAT = dwarf;
				ENABLE_STRICT_OBJC_MSGSEND = YES;
				ENABLE_TESTABILITY = YES;
				GCC_C_LANGUAGE_STANDARD = gnu11;
				GCC_DYNAMIC_NO_PIC = NO;
				GCC_NO_COMMON_BLOCKS = YES;
				GCC_OPTIMIZATION_LEVEL = 0;
				GCC_PREPROCESSOR_DEFINITIONS = (
					"DEBUG=1",
					"$(inherited)",
				);
				GCC_WARN_64_TO_32_BIT_CONVERSION = YES;
				GCC_WARN_ABOUT_RETURN_TYPE = YES_ERROR;
				GCC_WARN_UNDECLARED_SELECTOR = YES;
				GCC_WARN_UNINITIALIZED_AUTOS = YES_AGGRESSIVE;
				GCC_WARN_UNUSED_FUNCTION = YES;
				GCC_WARN_UNUSED_VARIABLE = YES;
				IPHONEOS_DEPLOYMENT_TARGET = 14.3;
				MTL_ENABLE_DEBUG_INFO = INCLUDE_SOURCE;
				MTL_FAST_MATH = YES;
				ONLY_ACTIVE_ARCH = YES;
				SDKROOT = iphoneos;
				SWIFT_ACTIVE_COMPILATION_CONDITIONS = DEBUG;
				SWIFT_OPTIMIZATION_LEVEL = "-Onone";
			};
			name = Debug;
		};
		921393C925BE171600C37790 /* Release */ = {
			isa = XCBuildConfiguration;
			buildSettings = {
				ALWAYS_SEARCH_USER_PATHS = NO;
				CLANG_ANALYZER_NONNULL = YES;
				CLANG_ANALYZER_NUMBER_OBJECT_CONVERSION = YES_AGGRESSIVE;
				CLANG_CXX_LANGUAGE_STANDARD = "gnu++14";
				CLANG_CXX_LIBRARY = "libc++";
				CLANG_ENABLE_MODULES = YES;
				CLANG_ENABLE_OBJC_ARC = YES;
				CLANG_ENABLE_OBJC_WEAK = YES;
				CLANG_WARN_BLOCK_CAPTURE_AUTORELEASING = YES;
				CLANG_WARN_BOOL_CONVERSION = YES;
				CLANG_WARN_COMMA = YES;
				CLANG_WARN_CONSTANT_CONVERSION = YES;
				CLANG_WARN_DEPRECATED_OBJC_IMPLEMENTATIONS = YES;
				CLANG_WARN_DIRECT_OBJC_ISA_USAGE = YES_ERROR;
				CLANG_WARN_DOCUMENTATION_COMMENTS = YES;
				CLANG_WARN_EMPTY_BODY = YES;
				CLANG_WARN_ENUM_CONVERSION = YES;
				CLANG_WARN_INFINITE_RECURSION = YES;
				CLANG_WARN_INT_CONVERSION = YES;
				CLANG_WARN_NON_LITERAL_NULL_CONVERSION = YES;
				CLANG_WARN_OBJC_IMPLICIT_RETAIN_SELF = YES;
				CLANG_WARN_OBJC_LITERAL_CONVERSION = YES;
				CLANG_WARN_OBJC_ROOT_CLASS = YES_ERROR;
				CLANG_WARN_QUOTED_INCLUDE_IN_FRAMEWORK_HEADER = YES;
				CLANG_WARN_RANGE_LOOP_ANALYSIS = YES;
				CLANG_WARN_STRICT_PROTOTYPES = YES;
				CLANG_WARN_SUSPICIOUS_MOVE = YES;
				CLANG_WARN_UNGUARDED_AVAILABILITY = YES_AGGRESSIVE;
				CLANG_WARN_UNREACHABLE_CODE = YES;
				CLANG_WARN__DUPLICATE_METHOD_MATCH = YES;
				COPY_PHASE_STRIP = NO;
				DEBUG_INFORMATION_FORMAT = "dwarf-with-dsym";
				ENABLE_NS_ASSERTIONS = NO;
				ENABLE_STRICT_OBJC_MSGSEND = YES;
				GCC_C_LANGUAGE_STANDARD = gnu11;
				GCC_NO_COMMON_BLOCKS = YES;
				GCC_WARN_64_TO_32_BIT_CONVERSION = YES;
				GCC_WARN_ABOUT_RETURN_TYPE = YES_ERROR;
				GCC_WARN_UNDECLARED_SELECTOR = YES;
				GCC_WARN_UNINITIALIZED_AUTOS = YES_AGGRESSIVE;
				GCC_WARN_UNUSED_FUNCTION = YES;
				GCC_WARN_UNUSED_VARIABLE = YES;
				IPHONEOS_DEPLOYMENT_TARGET = 14.3;
				MTL_ENABLE_DEBUG_INFO = NO;
				MTL_FAST_MATH = YES;
				SDKROOT = iphoneos;
				SWIFT_COMPILATION_MODE = wholemodule;
				SWIFT_OPTIMIZATION_LEVEL = "-O";
				VALIDATE_PRODUCT = YES;
			};
			name = Release;
		};
		921393CB25BE171600C37790 /* Debug */ = {
			isa = XCBuildConfiguration;
			baseConfigurationReference = 6C648AFA0FBE2461E5F3FE7A /* Pods-CarParking.debug.xcconfig */;
			buildSettings = {
				ASSETCATALOG_COMPILER_APPICON_NAME = AppIcon;
				ASSETCATALOG_COMPILER_GLOBAL_ACCENT_COLOR_NAME = AccentColor;
				CODE_SIGN_STYLE = Automatic;
				INFOPLIST_FILE = CarParking/Info.plist;
				IPHONEOS_DEPLOYMENT_TARGET = 14.0;
				LD_RUNPATH_SEARCH_PATHS = (
					"$(inherited)",
					"@executable_path/Frameworks",
				);
				PRODUCT_BUNDLE_IDENTIFIER = "Venkat-101287100.CarParking";
				PRODUCT_NAME = "$(TARGET_NAME)";
				SWIFT_VERSION = 5.0;
				TARGETED_DEVICE_FAMILY = "1,2";
			};
			name = Debug;
		};
		921393CC25BE171600C37790 /* Release */ = {
			isa = XCBuildConfiguration;
			baseConfigurationReference = 5A5A76DBA576A1F2B4040B2B /* Pods-CarParking.release.xcconfig */;
			buildSettings = {
				ASSETCATALOG_COMPILER_APPICON_NAME = AppIcon;
				ASSETCATALOG_COMPILER_GLOBAL_ACCENT_COLOR_NAME = AccentColor;
				CODE_SIGN_STYLE = Automatic;
				INFOPLIST_FILE = CarParking/Info.plist;
				IPHONEOS_DEPLOYMENT_TARGET = 14.0;
				LD_RUNPATH_SEARCH_PATHS = (
					"$(inherited)",
					"@executable_path/Frameworks",
				);
				PRODUCT_BUNDLE_IDENTIFIER = "Venkat-101287100.CarParking";
				PRODUCT_NAME = "$(TARGET_NAME)";
				SWIFT_VERSION = 5.0;
				TARGETED_DEVICE_FAMILY = "1,2";
			};
			name = Release;
		};
/* End XCBuildConfiguration section */

/* Begin XCConfigurationList section */
		921393B125BE171100C37790 /* Build configuration list for PBXProject "CarParking" */ = {
			isa = XCConfigurationList;
			buildConfigurations = (
				921393C825BE171600C37790 /* Debug */,
				921393C925BE171600C37790 /* Release */,
			);
			defaultConfigurationIsVisible = 0;
			defaultConfigurationName = Release;
		};
		921393CA25BE171600C37790 /* Build configuration list for PBXNativeTarget "CarParking" */ = {
			isa = XCConfigurationList;
			buildConfigurations = (
				921393CB25BE171600C37790 /* Debug */,
				921393CC25BE171600C37790 /* Release */,
			);
			defaultConfigurationIsVisible = 0;
			defaultConfigurationName = Release;
		};
/* End XCConfigurationList section */
	};
	rootObject = 921393AE25BE171100C37790 /* Project object */;
}
